// !$*UTF8*$!
{
	archiveVersion = 1;
	classes = {
	};
	objectVersion = 77;
	objects = {

/* Begin PBXBuildFile section */
		200C4C742FDE31A4008F211D /* WidgetKit.framework in Frameworks */ = {isa = PBXBuildFile; fileRef = 200C4C732FDE31A4008F211D /* WidgetKit.framework */; };
		200C4C762FDE31A4008F211D /* SwiftUI.framework in Frameworks */ = {isa = PBXBuildFile; fileRef = 200C4C752FDE31A4008F211D /* SwiftUI.framework */; };
		200C4C832FDE31A5008F211D /* ChoreganizeWidgetExtension.appex in Embed Foundation Extensions */ = {isa = PBXBuildFile; fileRef = 200C4C712FDE31A4008F211D /* ChoreganizeWidgetExtension.appex */; settings = {ATTRIBUTES = (RemoveHeadersOnCopy, ); }; };
/* End PBXBuildFile section */

/* Begin PBXContainerItemProxy section */
		200C4C812FDE31A5008F211D /* PBXContainerItemProxy */ = {
			isa = PBXContainerItemProxy;
			containerPortal = 205385B02E0376CC00886352 /* Project object */;
			proxyType = 1;
			remoteGlobalIDString = 200C4C702FDE31A4008F211D;
			remoteInfo = ChoreganizeWidgetExtension;
		};
		205385C92E0376CD00886352 /* PBXContainerItemProxy */ = {
			isa = PBXContainerItemProxy;
			containerPortal = 205385B02E0376CC00886352 /* Project object */;
			proxyType = 1;
			remoteGlobalIDString = 205385B72E0376CC00886352;
			remoteInfo = Choreganize;
		};
		205385D32E0376CD00886352 /* PBXContainerItemProxy */ = {
			isa = PBXContainerItemProxy;
			containerPortal = 205385B02E0376CC00886352 /* Project object */;
			proxyType = 1;
			remoteGlobalIDString = 205385B72E0376CC00886352;
			remoteInfo = Choreganize;
		};
/* End PBXContainerItemProxy section */

/* Begin PBXCopyFilesBuildPhase section */
		200C4C882FDE31A5008F211D /* Embed Foundation Extensions */ = {
			isa = PBXCopyFilesBuildPhase;
			buildActionMask = 2147483647;
			dstPath = "";
			dstSubfolderSpec = 13;
			files = (
				200C4C832FDE31A5008F211D /* ChoreganizeWidgetExtension.appex in Embed Foundation Extensions */,
			);
			name = "Embed Foundation Extensions";
			runOnlyForDeploymentPostprocessing = 0;
		};
/* End PBXCopyFilesBuildPhase section */

/* Begin PBXFileReference section */
		200C4C712FDE31A4008F211D /* ChoreganizeWidgetExtension.appex */ = {isa = PBXFileReference; explicitFileType = "wrapper.app-extension"; includeInIndex = 0; path = ChoreganizeWidgetExtension.appex; sourceTree = BUILT_PRODUCTS_DIR; };
		200C4C732FDE31A4008F211D /* WidgetKit.framework */ = {isa = PBXFileReference; lastKnownFileType = wrapper.framework; name = WidgetKit.framework; path = System/Library/Frameworks/WidgetKit.framework; sourceTree = SDKROOT; };
		200C4C752FDE31A4008F211D /* SwiftUI.framework */ = {isa = PBXFileReference; lastKnownFileType = wrapper.framework; name = SwiftUI.framework; path = System/Library/Frameworks/SwiftUI.framework; sourceTree = SDKROOT; };
		205385B82E0376CC00886352 /* Choreganize.app */ = {isa = PBXFileReference; explicitFileType = wrapper.application; includeInIndex = 0; path = Choreganize.app; sourceTree = BUILT_PRODUCTS_DIR; };
		205385C82E0376CD00886352 /* ChoreganizeTests.xctest */ = {isa = PBXFileReference; explicitFileType = wrapper.cfbundle; includeInIndex = 0; path = ChoreganizeTests.xctest; sourceTree = BUILT_PRODUCTS_DIR; };
		205385D22E0376CD00886352 /* ChoreganizeUITests.xctest */ = {isa = PBXFileReference; explicitFileType = wrapper.cfbundle; includeInIndex = 0; path = ChoreganizeUITests.xctest; sourceTree = BUILT_PRODUCTS_DIR; };
/* End PBXFileReference section */

/* Begin PBXFileSystemSynchronizedBuildFileExceptionSet section */
		2008A5682E1392AD005C6E4E /* Exceptions for "Choreganize" folder in "Choreganize" target */ = {
			isa = PBXFileSystemSynchronizedBuildFileExceptionSet;
			membershipExceptions = (
				Info.plist,
			);
			target = 205385B72E0376CC00886352 /* Choreganize */;
		};
		200C4C872FDE31A5008F211D /* Exceptions for "ChoreganizeWidget" folder in "ChoreganizeWidgetExtension" target */ = {
			isa = PBXFileSystemSynchronizedBuildFileExceptionSet;
			membershipExceptions = (
				Info.plist,
			);
			target = 200C4C702FDE31A4008F211D /* ChoreganizeWidgetExtension */;
		};
		200C4C902FDE3576008F211D /* Exceptions for "Choreganize" folder in "ChoreganizeWidgetExtension" target */ = {
			isa = PBXFileSystemSynchronizedBuildFileExceptionSet;
			membershipExceptions = (
				WidgetShared.swift,
				CompleteChoreIntent.swift,
				ChoreEntity.swift,
			);
			target = 200C4C702FDE31A4008F211D /* ChoreganizeWidgetExtension */;
		};
/* End PBXFileSystemSynchronizedBuildFileExceptionSet section */

/* Begin PBXFileSystemSynchronizedRootGroup section */
		200C4C772FDE31A4008F211D /* ChoreganizeWidget */ = {
			isa = PBXFileSystemSynchronizedRootGroup;
			exceptions = (
				200C4C872FDE31A5008F211D /* Exceptions for "ChoreganizeWidget" folder in "ChoreganizeWidgetExtension" target */,
			);
			path = ChoreganizeWidget;
			sourceTree = "<group>";
		};
		205385BA2E0376CC00886352 /* Choreganize */ = {
			isa = PBXFileSystemSynchronizedRootGroup;
			exceptions = (
				2008A5682E1392AD005C6E4E /* Exceptions for "Choreganize" folder in "Choreganize" target */,
				200C4C902FDE3576008F211D /* Exceptions for "Choreganize" folder in "ChoreganizeWidgetExtension" target */,
			);
			path = Choreganize;
			sourceTree = "<group>";
		};
		205385CB2E0376CD00886352 /* ChoreganizeTests */ = {
			isa = PBXFileSystemSynchronizedRootGroup;
			path = ChoreganizeTests;
			sourceTree = "<group>";
		};
		205385D52E0376CD00886352 /* ChoreganizeUITests */ = {
			isa = PBXFileSystemSynchronizedRootGroup;
			path = ChoreganizeUITests;
			sourceTree = "<group>";
		};
/* End PBXFileSystemSynchronizedRootGroup section */

/* Begin PBXFrameworksBuildPhase section */
		200C4C6E2FDE31A4008F211D /* Frameworks */ = {
			isa = PBXFrameworksBuildPhase;
			buildActionMask = 2147483647;
			files = (
				200C4C762FDE31A4008F211D /* SwiftUI.framework in Frameworks */,
				200C4C742FDE31A4008F211D /* WidgetKit.framework in Frameworks */,
			);
			runOnlyForDeploymentPostprocessing = 0;
		};
		205385B52E0376CC00886352 /* Frameworks */ = {
			isa = PBXFrameworksBuildPhase;
			buildActionMask = 2147483647;
			files = (
			);
			runOnlyForDeploymentPostprocessing = 0;
		};
		205385C52E0376CD00886352 /* Frameworks */ = {
			isa = PBXFrameworksBuildPhase;
			buildActionMask = 2147483647;
			files = (
			);
			runOnlyForDeploymentPostprocessing = 0;
		};
		205385CF2E0376CD00886352 /* Frameworks */ = {
			isa = PBXFrameworksBuildPhase;
			buildActionMask = 2147483647;
			files = (
			);
			runOnlyForDeploymentPostprocessing = 0;
		};
/* End PBXFrameworksBuildPhase section */

/* Begin PBXGroup section */
		200C4C722FDE31A4008F211D /* Frameworks */ = {
			isa = PBXGroup;
			children = (
				200C4C732FDE31A4008F211D /* WidgetKit.framework */,
				200C4C752FDE31A4008F211D /* SwiftUI.framework */,
			);
			name = Frameworks;
			sourceTree = "<group>";
		};
		205385AF2E0376CC00886352 = {
			isa = PBXGroup;
			children = (
				205385BA2E0376CC00886352 /* Choreganize */,
				205385CB2E0376CD00886352 /* ChoreganizeTests */,
				205385D52E0376CD00886352 /* ChoreganizeUITests */,
				200C4C772FDE31A4008F211D /* ChoreganizeWidget */,
				200C4C722FDE31A4008F211D /* Frameworks */,
				205385B92E0376CC00886352 /* Products */,
			);
			sourceTree = "<group>";
		};
		205385B92E0376CC00886352 /* Products */ = {
			isa = PBXGroup;
			children = (
				205385B82E0376CC00886352 /* Choreganize.app */,
				205385C82E0376CD00886352 /* ChoreganizeTests.xctest */,
				205385D22E0376CD00886352 /* ChoreganizeUITests.xctest */,
				200C4C712FDE31A4008F211D /* ChoreganizeWidgetExtension.appex */,
			);
			name = Products;
			sourceTree = "<group>";
		};
/* End PBXGroup section */

/* Begin PBXNativeTarget section */
		200C4C702FDE31A4008F211D /* ChoreganizeWidgetExtension */ = {
			isa = PBXNativeTarget;
			buildConfigurationList = 200C4C842FDE31A5008F211D /* Build configuration list for PBXNativeTarget "ChoreganizeWidgetExtension" */;
			buildPhases = (
				200C4C6D2FDE31A4008F211D /* Sources */,
				200C4C6E2FDE31A4008F211D /* Frameworks */,
				200C4C6F2FDE31A4008F211D /* Resources */,
			);
			buildRules = (
			);
			dependencies = (
			);
			fileSystemSynchronizedGroups = (
				200C4C772FDE31A4008F211D /* ChoreganizeWidget */,
			);
			name = ChoreganizeWidgetExtension;
			packageProductDependencies = (
			);
			productName = ChoreganizeWidgetExtension;
			productReference = 200C4C712FDE31A4008F211D /* ChoreganizeWidgetExtension.appex */;
			productType = "com.apple.product-type.app-extension";
		};
		205385B72E0376CC00886352 /* Choreganize */ = {
			isa = PBXNativeTarget;
			buildConfigurationList = 205385DC2E0376CD00886352 /* Build configuration list for PBXNativeTarget "Choreganize" */;
			buildPhases = (
				205385B42E0376CC00886352 /* Sources */,
				205385B52E0376CC00886352 /* Frameworks */,
				205385B62E0376CC00886352 /* Resources */,
				200C4C882FDE31A5008F211D /* Embed Foundation Extensions */,
			);
			buildRules = (
			);
			dependencies = (
				200C4C822FDE31A5008F211D /* PBXTargetDependency */,
			);
			fileSystemSynchronizedGroups = (
				205385BA2E0376CC00886352 /* Choreganize */,
			);
			name = Choreganize;
			packageProductDependencies = (
			);
			productName = Choreganize;
			productReference = 205385B82E0376CC00886352 /* Choreganize.app */;
			productType = "com.apple.product-type.application";
		};
		205385C72E0376CD00886352 /* ChoreganizeTests */ = {
			isa = PBXNativeTarget;
			buildConfigurationList = 205385DF2E0376CD00886352 /* Build configuration list for PBXNativeTarget "ChoreganizeTests" */;
			buildPhases = (
				205385C42E0376CD00886352 /* Sources */,
				205385C52E0376CD00886352 /* Frameworks */,
				205385C62E0376CD00886352 /* Resources */,
			);
			buildRules = (
			);
			dependencies = (
				205385CA2E0376CD00886352 /* PBXTargetDependency */,
			);
			fileSystemSynchronizedGroups = (
				205385CB2E0376CD00886352 /* ChoreganizeTests */,
			);
			name = ChoreganizeTests;
			packageProductDependencies = (
			);
			productName = ChoreganizeTests;
			productReference = 205385C82E0376CD00886352 /* ChoreganizeTests.xctest */;
			productType = "com.apple.product-type.bundle.unit-test";
		};
		205385D12E0376CD00886352 /* ChoreganizeUITests */ = {
			isa = PBXNativeTarget;
			buildConfigurationList = 205385E22E0376CD00886352 /* Build configuration list for PBXNativeTarget "ChoreganizeUITests" */;
			buildPhases = (
				205385CE2E0376CD00886352 /* Sources */,
				205385CF2E0376CD00886352 /* Frameworks */,
				205385D02E0376CD00886352 /* Resources */,
			);
			buildRules = (
			);
			dependencies = (
				205385D42E0376CD00886352 /* PBXTargetDependency */,
			);
			fileSystemSynchronizedGroups = (
				205385D52E0376CD00886352 /* ChoreganizeUITests */,
			);
			name = ChoreganizeUITests;
			packageProductDependencies = (
			);
			productName = ChoreganizeUITests;
			productReference = 205385D22E0376CD00886352 /* ChoreganizeUITests.xctest */;
			productType = "com.apple.product-type.bundle.ui-testing";
		};
/* End PBXNativeTarget section */

/* Begin PBXProject section */
		205385B02E0376CC00886352 /* Project object */ = {
			isa = PBXProject;
			attributes = {
				BuildIndependentTargetsInParallel = 1;
				LastSwiftUpdateCheck = 2640;
				LastUpgradeCheck = 1640;
				TargetAttributes = {
					200C4C702FDE31A4008F211D = {
						CreatedOnToolsVersion = 26.4.1;
					};
					205385B72E0376CC00886352 = {
						CreatedOnToolsVersion = 16.4;
					};
					205385C72E0376CD00886352 = {
						CreatedOnToolsVersion = 16.4;
						TestTargetID = 205385B72E0376CC00886352;
					};
					205385D12E0376CD00886352 = {
						CreatedOnToolsVersion = 16.4;
						TestTargetID = 205385B72E0376CC00886352;
					};
				};
			};
			buildConfigurationList = 205385B32E0376CC00886352 /* Build configuration list for PBXProject "Choreganize" */;
			developmentRegion = en;
			hasScannedForEncodings = 0;
			knownRegions = (
				en,
				Base,
			);
			mainGroup = 205385AF2E0376CC00886352;
			minimizedProjectReferenceProxies = 1;
			preferredProjectObjectVersion = 77;
			productRefGroup = 205385B92E0376CC00886352 /* Products */;
			projectDirPath = "";
			projectRoot = "";
			targets = (
				205385B72E0376CC00886352 /* Choreganize */,
				205385C72E0376CD00886352 /* ChoreganizeTests */,
				205385D12E0376CD00886352 /* ChoreganizeUITests */,
				200C4C702FDE31A4008F211D /* ChoreganizeWidgetExtension */,
			);
		};
/* End PBXProject section */

/* Begin PBXResourcesBuildPhase section */
		200C4C6F2FDE31A4008F211D /* Resources */ = {
			isa = PBXResourcesBuildPhase;
			buildActionMask = 2147483647;
			files = (
			);
			runOnlyForDeploymentPostprocessing = 0;
		};
		205385B62E0376CC00886352 /* Resources */ = {
			isa = PBXResourcesBuildPhase;
			buildActionMask = 2147483647;
			files = (
			);
			runOnlyForDeploymentPostprocessing = 0;
		};
		205385C62E0376CD00886352 /* Resources */ = {
			isa = PBXResourcesBuildPhase;
			buildActionMask = 2147483647;
			files = (
			);
			runOnlyForDeploymentPostprocessing = 0;
		};
		205385D02E0376CD00886352 /* Resources */ = {
			isa = PBXResourcesBuildPhase;
			buildActionMask = 2147483647;
			files = (
			);
			runOnlyForDeploymentPostprocessing = 0;
		};
/* End PBXResourcesBuildPhase section */

/* Begin PBXSourcesBuildPhase section */
		200C4C6D2FDE31A4008F211D /* Sources */ = {
			isa = PBXSourcesBuildPhase;
			buildActionMask = 2147483647;
			files = (
			);
			runOnlyForDeploymentPostprocessing = 0;
		};
		205385B42E0376CC00886352 /* Sources */ = {
			isa = PBXSourcesBuildPhase;
			buildActionMask = 2147483647;
			files = (
			);
			runOnlyForDeploymentPostprocessing = 0;
		};
		205385C42E0376CD00886352 /* Sources */ = {
			isa = PBXSourcesBuildPhase;
			buildActionMask = 2147483647;
			files = (
			);
			runOnlyForDeploymentPostprocessing = 0;
		};
		205385CE2E0376CD00886352 /* Sources */ = {
			isa = PBXSourcesBuildPhase;
			buildActionMask = 2147483647;
			files = (
			);
			runOnlyForDeploymentPostprocessing = 0;
		};
/* End PBXSourcesBuildPhase section */

/* Begin PBXTargetDependency section */
		200C4C822FDE31A5008F211D /* PBXTargetDependency */ = {
			isa = PBXTargetDependency;
			target = 200C4C702FDE31A4008F211D /* ChoreganizeWidgetExtension */;
			targetProxy = 200C4C812FDE31A5008F211D /* PBXContainerItemProxy */;
		};
		205385CA2E0376CD00886352 /* PBXTargetDependency */ = {
			isa = PBXTargetDependency;
			target = 205385B72E0376CC00886352 /* Choreganize */;
			targetProxy = 205385C92E0376CD00886352 /* PBXContainerItemProxy */;
		};
		205385D42E0376CD00886352 /* PBXTargetDependency */ = {
			isa = PBXTargetDependency;
			target = 205385B72E0376CC00886352 /* Choreganize */;
			targetProxy = 205385D32E0376CD00886352 /* PBXContainerItemProxy */;
		};
/* End PBXTargetDependency section */

/* Begin XCBuildConfiguration section */
		200C4C852FDE31A5008F211D /* Debug */ = {
			isa = XCBuildConfiguration;
			buildSettings = {
				ASSETCATALOG_COMPILER_GLOBAL_ACCENT_COLOR_NAME = AccentColor;
				ASSETCATALOG_COMPILER_WIDGET_BACKGROUND_COLOR_NAME = WidgetBackground;
				CODE_SIGN_ENTITLEMENTS = ChoreganizeWidget/ChoreganizeWidget.entitlements;
				CODE_SIGN_IDENTITY = "Apple Development";
				CODE_SIGN_STYLE = Automatic;
				CURRENT_PROJECT_VERSION = 16;
				DEVELOPMENT_TEAM = YV4K38KS29;
				GENERATE_INFOPLIST_FILE = YES;
				INFOPLIST_FILE = ChoreganizeWidget/Info.plist;
				INFOPLIST_KEY_CFBundleDisplayName = ChoreganizeWidget;
				INFOPLIST_KEY_NSHumanReadableCopyright = "";
				IPHONEOS_DEPLOYMENT_TARGET = 18.0;
				LD_RUNPATH_SEARCH_PATHS = (
					"$(inherited)",
					"@executable_path/Frameworks",
					"@executable_path/../../Frameworks",
				);
				MARKETING_VERSION = 1.6.0;
				PRODUCT_BUNDLE_IDENTIFIER = com.svk.Choreganize.ChoreganizeWidget;
				PRODUCT_NAME = "$(TARGET_NAME)";
				SDKROOT = iphoneos;
				SKIP_INSTALL = YES;
				STRING_CATALOG_GENERATE_SYMBOLS = YES;
				SWIFT_ACTIVE_COMPILATION_CONDITIONS = "WIDGET_EXTENSION $(inherited)";
				SWIFT_APPROACHABLE_CONCURRENCY = YES;
				SWIFT_EMIT_LOC_STRINGS = YES;
				SWIFT_UPCOMING_FEATURE_MEMBER_IMPORT_VISIBILITY = YES;
				SWIFT_VERSION = 5.0;
				TARGETED_DEVICE_FAMILY = "1,2";
			};
			name = Debug;
		};
		200C4C862FDE31A5008F211D /* Release */ = {
			isa = XCBuildConfiguration;
			buildSettings = {
				ASSETCATALOG_COMPILER_GLOBAL_ACCENT_COLOR_NAME = AccentColor;
				ASSETCATALOG_COMPILER_WIDGET_BACKGROUND_COLOR_NAME = WidgetBackground;
				CODE_SIGN_ENTITLEMENTS = ChoreganizeWidget/ChoreganizeWidget.entitlements;
				CODE_SIGN_IDENTITY = "Apple Development";
				CODE_SIGN_STYLE = Automatic;
				CURRENT_PROJECT_VERSION = 16;
				DEVELOPMENT_TEAM = YV4K38KS29;
				GENERATE_INFOPLIST_FILE = YES;
				INFOPLIST_FILE = ChoreganizeWidget/Info.plist;
				INFOPLIST_KEY_CFBundleDisplayName = ChoreganizeWidget;
				INFOPLIST_KEY_NSHumanReadableCopyright = "";
				IPHONEOS_DEPLOYMENT_TARGET = 18.0;
				LD_RUNPATH_SEARCH_PATHS = (
					"$(inherited)",
					"@executable_path/Frameworks",
					"@executable_path/../../Frameworks",
				);
				MARKETING_VERSION = 1.6.0;
				PRODUCT_BUNDLE_IDENTIFIER = com.svk.Choreganize.ChoreganizeWidget;
				PRODUCT_NAME = "$(TARGET_NAME)";
				SDKROOT = iphoneos;
				SKIP_INSTALL = YES;
				STRING_CATALOG_GENERATE_SYMBOLS = YES;
				SWIFT_ACTIVE_COMPILATION_CONDITIONS = "WIDGET_EXTENSION $(inherited)";
				SWIFT_APPROACHABLE_CONCURRENCY = YES;
				SWIFT_EMIT_LOC_STRINGS = YES;
				SWIFT_UPCOMING_FEATURE_MEMBER_IMPORT_VISIBILITY = YES;
				SWIFT_VERSION = 5.0;
				TARGETED_DEVICE_FAMILY = "1,2";
				VALIDATE_PRODUCT = YES;
			};
			name = Release;
		};
		205385DA2E0376CD00886352 /* Debug */ = {
			isa = XCBuildConfiguration;
			buildSettings = {
				ALWAYS_SEARCH_USER_PATHS = NO;
				ASSETCATALOG_COMPILER_GENERATE_SWIFT_ASSET_SYMBOL_EXTENSIONS = YES;
				CLANG_ANALYZER_NONNULL = YES;
				CLANG_ANALYZER_NUMBER_OBJECT_CONVERSION = YES_AGGRESSIVE;
				CLANG_CXX_LANGUAGE_STANDARD = "gnu++20";
				CLANG_ENABLE_MODULES = YES;
				CLANG_ENABLE_OBJC_ARC = YES;
				CLANG_ENABLE_OBJC_WEAK = YES;
				CLANG_WARN_BLOCK_CAPTURE_AUTORELEASING = YES;
				CLANG_WARN_BOOL_CONVERSION = YES;
				CLANG_WARN_COMMA = YES;
				CLANG_WARN_CONSTANT_CONVERSION = YES;
				CLANG_WARN_DEPRECATED_OBJC_IMPLEMENTATIONS = YES;
				CLANG_WARN_DIRECT_OBJC_ISA_USAGE = YES_ERROR;
				CLANG_WARN_DOCUMENTATION_COMMENTS = YES;
				CLANG_WARN_EMPTY_BODY = YES;
				CLANG_WARN_ENUM_CONVERSION = YES;
				CLANG_WARN_INFINITE_RECURSION = YES;
				CLANG_WARN_INT_CONVERSION = YES;
				CLANG_WARN_NON_LITERAL_NULL_CONVERSION = YES;
				CLANG_WARN_OBJC_IMPLICIT_RETAIN_SELF = YES;
				CLANG_WARN_OBJC_LITERAL_CONVERSION = YES;
				CLANG_WARN_OBJC_ROOT_CLASS = YES_ERROR;
				CLANG_WARN_QUOTED_INCLUDE_IN_FRAMEWORK_HEADER = YES;
				CLANG_WARN_RANGE_LOOP_ANALYSIS = YES;
				CLANG_WARN_STRICT_PROTOTYPES = YES;
				CLANG_WARN_SUSPICIOUS_MOVE = YES;
				CLANG_WARN_UNGUARDED_AVAILABILITY = YES_AGGRESSIVE;
				CLANG_WARN_UNREACHABLE_CODE = YES;
				CLANG_WARN__DUPLICATE_METHOD_MATCH = YES;
				COPY_PHASE_STRIP = NO;
				DEBUG_INFORMATION_FORMAT = dwarf;
				ENABLE_STRICT_OBJC_MSGSEND = YES;
				ENABLE_TESTABILITY = YES;
				ENABLE_USER_SCRIPT_SANDBOXING = YES;
				GCC_C_LANGUAGE_STANDARD = gnu17;
				GCC_DYNAMIC_NO_PIC = NO;
				GCC_NO_COMMON_BLOCKS = YES;
				GCC_OPTIMIZATION_LEVEL = 0;
				GCC_PREPROCESSOR_DEFINITIONS = (
					"DEBUG=1",
					"$(inherited)",
				);
				GCC_WARN_64_TO_32_BIT_CONVERSION = YES;
				GCC_WARN_ABOUT_RETURN_TYPE = YES_ERROR;
				GCC_WARN_UNDECLARED_SELECTOR = YES;
				GCC_WARN_UNINITIALIZED_AUTOS = YES_AGGRESSIVE;
				GCC_WARN_UNUSED_FUNCTION = YES;
				GCC_WARN_UNUSED_VARIABLE = YES;
				LOCALIZATION_PREFERS_STRING_CATALOGS = YES;
				MTL_ENABLE_DEBUG_INFO = INCLUDE_SOURCE;
				MTL_FAST_MATH = YES;
				ONLY_ACTIVE_ARCH = YES;
				SWIFT_ACTIVE_COMPILATION_CONDITIONS = "DEBUG $(inherited)";
				SWIFT_OPTIMIZATION_LEVEL = "-Onone";
			};
			name = Debug;
		};
		205385DB2E0376CD00886352 /* Release */ = {
			isa = XCBuildConfiguration;
			buildSettings = {
				ALWAYS_SEARCH_USER_PATHS = NO;
				ASSETCATALOG_COMPILER_GENERATE_SWIFT_ASSET_SYMBOL_EXTENSIONS = YES;
				CLANG_ANALYZER_NONNULL = YES;
				CLANG_ANALYZER_NUMBER_OBJECT_CONVERSION = YES_AGGRESSIVE;
				CLANG_CXX_LANGUAGE_STANDARD = "gnu++20";
				CLANG_ENABLE_MODULES = YES;
				CLANG_ENABLE_OBJC_ARC = YES;
				CLANG_ENABLE_OBJC_WEAK = YES;
				CLANG_WARN_BLOCK_CAPTURE_AUTORELEASING = YES;
				CLANG_WARN_BOOL_CONVERSION = YES;
				CLANG_WARN_COMMA = YES;
				CLANG_WARN_CONSTANT_CONVERSION = YES;
				CLANG_WARN_DEPRECATED_OBJC_IMPLEMENTATIONS = YES;
				CLANG_WARN_DIRECT_OBJC_ISA_USAGE = YES_ERROR;
				CLANG_WARN_DOCUMENTATION_COMMENTS = YES;
				CLANG_WARN_EMPTY_BODY = YES;
				CLANG_WARN_ENUM_CONVERSION = YES;
				CLANG_WARN_INFINITE_RECURSION = YES;
				CLANG_WARN_INT_CONVERSION = YES;
				CLANG_WARN_NON_LITERAL_NULL_CONVERSION = YES;
				CLANG_WARN_OBJC_IMPLICIT_RETAIN_SELF = YES;
				CLANG_WARN_OBJC_LITERAL_CONVERSION = YES;
				CLANG_WARN_OBJC_ROOT_CLASS = YES_ERROR;
				CLANG_WARN_QUOTED_INCLUDE_IN_FRAMEWORK_HEADER = YES;
				CLANG_WARN_RANGE_LOOP_ANALYSIS = YES;
				CLANG_WARN_STRICT_PROTOTYPES = YES;
				CLANG_WARN_SUSPICIOUS_MOVE = YES;
				CLANG_WARN_UNGUARDED_AVAILABILITY = YES_AGGRESSIVE;
				CLANG_WARN_UNREACHABLE_CODE = YES;
				CLANG_WARN__DUPLICATE_METHOD_MATCH = YES;
				CODE_SIGN_ENTITLEMENTS = Choreganize/Choreganize.entitlements;
				COPY_PHASE_STRIP = NO;
				DEBUG_INFORMATION_FORMAT = "dwarf-with-dsym";
				ENABLE_NS_ASSERTIONS = NO;
				ENABLE_STRICT_OBJC_MSGSEND = YES;
				ENABLE_USER_SCRIPT_SANDBOXING = YES;
				GCC_C_LANGUAGE_STANDARD = gnu17;
				GCC_NO_COMMON_BLOCKS = YES;
				GCC_WARN_64_TO_32_BIT_CONVERSION = YES;
				GCC_WARN_ABOUT_RETURN_TYPE = YES_ERROR;
				GCC_WARN_UNDECLARED_SELECTOR = YES;
				GCC_WARN_UNINITIALIZED_AUTOS = YES_AGGRESSIVE;
				GCC_WARN_UNUSED_FUNCTION = YES;
				GCC_WARN_UNUSED_VARIABLE = YES;
				LOCALIZATION_PREFERS_STRING_CATALOGS = YES;
				MTL_ENABLE_DEBUG_INFO = NO;
				MTL_FAST_MATH = YES;
				SWIFT_COMPILATION_MODE = wholemodule;
			};
			name = Release;
		};
		205385DD2E0376CD00886352 /* Debug */ = {
			isa = XCBuildConfiguration;
			buildSettings = {
				ASSETCATALOG_COMPILER_APPICON_NAME = AppIcon;
				ASSETCATALOG_COMPILER_GLOBAL_ACCENT_COLOR_NAME = AccentColor;
				CODE_SIGN_ENTITLEMENTS = Choreganize/Choreganize.entitlements;
				CODE_SIGN_IDENTITY = "Apple Development";
				CODE_SIGN_STYLE = Automatic;
				CURRENT_PROJECT_VERSION = 16;
				DEVELOPMENT_TEAM = YV4K38KS29;
				ENABLE_PREVIEWS = YES;
				GENERATE_INFOPLIST_FILE = YES;
				INFOPLIST_FILE = Choreganize/Info.plist;
				INFOPLIST_KEY_CFBundleDisplayName = Choreganize;
				INFOPLIST_KEY_LSApplicationCategoryType = "public.app-category.lifestyle";
				"INFOPLIST_KEY_UIApplicationSceneManifest_Generation[sdk=iphoneos*]" = YES;
				"INFOPLIST_KEY_UIApplicationSceneManifest_Generation[sdk=iphonesimulator*]" = YES;
				"INFOPLIST_KEY_UIApplicationSupportsIndirectInputEvents[sdk=iphoneos*]" = YES;
				"INFOPLIST_KEY_UIApplicationSupportsIndirectInputEvents[sdk=iphonesimulator*]" = YES;
				"INFOPLIST_KEY_UILaunchScreen_Generation[sdk=iphoneos*]" = YES;
				"INFOPLIST_KEY_UILaunchScreen_Generation[sdk=iphonesimulator*]" = YES;
				"INFOPLIST_KEY_UIStatusBarStyle[sdk=iphoneos*]" = UIStatusBarStyleDefault;
				"INFOPLIST_KEY_UIStatusBarStyle[sdk=iphonesimulator*]" = UIStatusBarStyleDefault;
				INFOPLIST_KEY_UISupportedInterfaceOrientations_iPad = "UIInterfaceOrientationPortrait UIInterfaceOrientationPortraitUpsideDown UIInterfaceOrientationLandscapeLeft UIInterfaceOrientationLandscapeRight";
				INFOPLIST_KEY_UISupportedInterfaceOrientations_iPhone = "UIInterfaceOrientationPortrait UIInterfaceOrientationLandscapeLeft UIInterfaceOrientationLandscapeRight";
				IPHONEOS_DEPLOYMENT_TARGET = 18.0;
				LD_RUNPATH_SEARCH_PATHS = "@executable_path/Frameworks";
				MARKETING_VERSION = 1.6.0;
				PRODUCT_BUNDLE_IDENTIFIER = com.svk.Choreganize;
				PRODUCT_NAME = "$(TARGET_NAME)";
				PROVISIONING_PROFILE_SPECIFIER = "";
				REGISTER_APP_GROUPS = YES;
				SDKROOT = auto;
				SUPPORTED_PLATFORMS = "iphoneos iphonesimulator";
				SUPPORTS_MACCATALYST = NO;
				SWIFT_EMIT_LOC_STRINGS = YES;
				SWIFT_VERSION = 5.0;
				TARGETED_DEVICE_FAMILY = "1,2";
				XROS_DEPLOYMENT_TARGET = 2.5;
			};
			name = Debug;
		};
		205385DE2E0376CD00886352 /* Release */ = {
			isa = XCBuildConfiguration;
			buildSettings = {
				ASSETCATALOG_COMPILER_APPICON_NAME = AppIcon;
				ASSETCATALOG_COMPILER_GLOBAL_ACCENT_COLOR_NAME = AccentColor;
				CODE_SIGN_ENTITLEMENTS = Choreganize/Choreganize.entitlements;
				CODE_SIGN_IDENTITY = "Apple Development";
				CODE_SIGN_STYLE = Automatic;
				CURRENT_PROJECT_VERSION = 16;
				DEVELOPMENT_TEAM = YV4K38KS29;
				ENABLE_PREVIEWS = YES;
				GENERATE_INFOPLIST_FILE = YES;
				INFOPLIST_FILE = Choreganize/Info.plist;
				INFOPLIST_KEY_CFBundleDisplayName = Choreganize;
				INFOPLIST_KEY_LSApplicationCategoryType = "public.app-category.lifestyle";
				"INFOPLIST_KEY_UIApplicationSceneManifest_Generation[sdk=iphoneos*]" = YES;
				"INFOPLIST_KEY_UIApplicationSceneManifest_Generation[sdk=iphonesimulator*]" = YES;
				"INFOPLIST_KEY_UIApplicationSupportsIndirectInputEvents[sdk=iphoneos*]" = YES;
				"INFOPLIST_KEY_UIApplicationSupportsIndirectInputEvents[sdk=iphonesimulator*]" = YES;
				"INFOPLIST_KEY_UILaunchScreen_Generation[sdk=iphoneos*]" = YES;
				"INFOPLIST_KEY_UILaunchScreen_Generation[sdk=iphonesimulator*]" = YES;
				"INFOPLIST_KEY_UIStatusBarStyle[sdk=iphoneos*]" = UIStatusBarStyleDefault;
				"INFOPLIST_KEY_UIStatusBarStyle[sdk=iphonesimulator*]" = UIStatusBarStyleDefault;
				INFOPLIST_KEY_UISupportedInterfaceOrientations_iPad = "UIInterfaceOrientationPortrait UIInterfaceOrientationPortraitUpsideDown UIInterfaceOrientationLandscapeLeft UIInterfaceOrientationLandscapeRight";
				INFOPLIST_KEY_UISupportedInterfaceOrientations_iPhone = "UIInterfaceOrientationPortrait UIInterfaceOrientationLandscapeLeft UIInterfaceOrientationLandscapeRight";
				IPHONEOS_DEPLOYMENT_TARGET = 18.0;
				LD_RUNPATH_SEARCH_PATHS = "@executable_path/Frameworks";
				MARKETING_VERSION = 1.6.0;
				PRODUCT_BUNDLE_IDENTIFIER = com.svk.Choreganize;
				PRODUCT_NAME = "$(TARGET_NAME)";
				PROVISIONING_PROFILE_SPECIFIER = "";
				REGISTER_APP_GROUPS = YES;
				SDKROOT = auto;
				SUPPORTED_PLATFORMS = "iphoneos iphonesimulator";
				SUPPORTS_MACCATALYST = NO;
				SWIFT_EMIT_LOC_STRINGS = YES;
				SWIFT_VERSION = 5.0;
				TARGETED_DEVICE_FAMILY = "1,2";
				XROS_DEPLOYMENT_TARGET = 2.5;
			};
			name = Release;
		};
		205385E02E0376CD00886352 /* Debug */ = {
			isa = XCBuildConfiguration;
			buildSettings = {
				BUNDLE_LOADER = "$(TEST_HOST)";
				CODE_SIGN_STYLE = Automatic;
				CURRENT_PROJECT_VERSION = 1;
				DEVELOPMENT_TEAM = YV4K38KS29;
				GENERATE_INFOPLIST_FILE = YES;
				IPHONEOS_DEPLOYMENT_TARGET = 18.0;
				MARKETING_VERSION = 1.0;
				PRODUCT_BUNDLE_IDENTIFIER = svk.ChoreganizeTests;
				PRODUCT_NAME = "$(TARGET_NAME)";
				SDKROOT = auto;
				SUPPORTED_PLATFORMS = "iphoneos iphonesimulator xros xrsimulator";
				SWIFT_EMIT_LOC_STRINGS = NO;
				SWIFT_VERSION = 5.0;
				TARGETED_DEVICE_FAMILY = "1,2,7";
				TEST_HOST = "$(BUILT_PRODUCTS_DIR)/Choreganize.app/$(BUNDLE_EXECUTABLE_FOLDER_PATH)/Choreganize";
				XROS_DEPLOYMENT_TARGET = 2.5;
			};
			name = Debug;
		};
		205385E12E0376CD00886352 /* Release */ = {
			isa = XCBuildConfiguration;
			buildSettings = {
				BUNDLE_LOADER = "$(TEST_HOST)";
				CODE_SIGN_STYLE = Automatic;
				CURRENT_PROJECT_VERSION = 1;
				DEVELOPMENT_TEAM = YV4K38KS29;
				GENERATE_INFOPLIST_FILE = YES;
				IPHONEOS_DEPLOYMENT_TARGET = 18.0;
				MARKETING_VERSION = 1.0;
				PRODUCT_BUNDLE_IDENTIFIER = svk.ChoreganizeTests;
				PRODUCT_NAME = "$(TARGET_NAME)";
				SDKROOT = auto;
				SUPPORTED_PLATFORMS = "iphoneos iphonesimulator xros xrsimulator";
				SWIFT_EMIT_LOC_STRINGS = NO;
				SWIFT_VERSION = 5.0;
				TARGETED_DEVICE_FAMILY = "1,2,7";
				TEST_HOST = "$(BUILT_PRODUCTS_DIR)/Choreganize.app/$(BUNDLE_EXECUTABLE_FOLDER_PATH)/Choreganize";
				XROS_DEPLOYMENT_TARGET = 2.5;
			};
			name = Release;
		};
		205385E32E0376CD00886352 /* Debug */ = {
			isa = XCBuildConfiguration;
			buildSettings = {
				CODE_SIGN_STYLE = Automatic;
				CURRENT_PROJECT_VERSION = 1;
				DEVELOPMENT_TEAM = YV4K38KS29;
				GENERATE_INFOPLIST_FILE = YES;
				IPHONEOS_DEPLOYMENT_TARGET = 18.0;
				MARKETING_VERSION = 1.0;
				PRODUCT_BUNDLE_IDENTIFIER = svk.ChoreganizeUITests;
				PRODUCT_NAME = "$(TARGET_NAME)";
				SDKROOT = auto;
				SUPPORTED_PLATFORMS = "iphoneos iphonesimulator xros xrsimulator";
				SWIFT_EMIT_LOC_STRINGS = NO;
				SWIFT_VERSION = 5.0;
				TARGETED_DEVICE_FAMILY = "1,2,7";
				TEST_TARGET_NAME = Choreganize;
				XROS_DEPLOYMENT_TARGET = 2.5;
			};
			name = Debug;
		};
		205385E42E0376CD00886352 /* Release */ = {
			isa = XCBuildConfiguration;
			buildSettings = {
				CODE_SIGN_STYLE = Automatic;
				CURRENT_PROJECT_VERSION = 1;
				DEVELOPMENT_TEAM = YV4K38KS29;
				GENERATE_INFOPLIST_FILE = YES;
				IPHONEOS_DEPLOYMENT_TARGET = 18.0;
				MARKETING_VERSION = 1.0;
				PRODUCT_BUNDLE_IDENTIFIER = svk.ChoreganizeUITests;
				PRODUCT_NAME = "$(TARGET_NAME)";
				SDKROOT = auto;
				SUPPORTED_PLATFORMS = "iphoneos iphonesimulator xros xrsimulator";
				SWIFT_EMIT_LOC_STRINGS = NO;
				SWIFT_VERSION = 5.0;
				TARGETED_DEVICE_FAMILY = "1,2,7";
				TEST_TARGET_NAME = Choreganize;
				XROS_DEPLOYMENT_TARGET = 2.5;
			};
			name = Release;
		};
/* End XCBuildConfiguration section */

/* Begin XCConfigurationList section */
		200C4C842FDE31A5008F211D /* Build configuration list for PBXNativeTarget "ChoreganizeWidgetExtension" */ = {
			isa = XCConfigurationList;
			buildConfigurations = (
				200C4C852FDE31A5008F211D /* Debug */,
				200C4C862FDE31A5008F211D /* Release */,
			);
			defaultConfigurationIsVisible = 0;
			defaultConfigurationName = Release;
		};
		205385B32E0376CC00886352 /* Build configuration list for PBXProject "Choreganize" */ = {
			isa = XCConfigurationList;
			buildConfigurations = (
				205385DA2E0376CD00886352 /* Debug */,
				205385DB2E0376CD00886352 /* Release */,
			);
			defaultConfigurationIsVisible = 0;
			defaultConfigurationName = Release;
		};
		205385DC2E0376CD00886352 /* Build configuration list for PBXNativeTarget "Choreganize" */ = {
			isa = XCConfigurationList;
			buildConfigurations = (
				205385DD2E0376CD00886352 /* Debug */,
				205385DE2E0376CD00886352 /* Release */,
			);
			defaultConfigurationIsVisible = 0;
			defaultConfigurationName = Release;
		};
		205385DF2E0376CD00886352 /* Build configuration list for PBXNativeTarget "ChoreganizeTests" */ = {
			isa = XCConfigurationList;
			buildConfigurations = (
				205385E02E0376CD00886352 /* Debug */,
				205385E12E0376CD00886352 /* Release */,
			);
			defaultConfigurationIsVisible = 0;
			defaultConfigurationName = Release;
		};
		205385E22E0376CD00886352 /* Build configuration list for PBXNativeTarget "ChoreganizeUITests" */ = {
			isa = XCConfigurationList;
			buildConfigurations = (
				205385E32E0376CD00886352 /* Debug */,
				205385E42E0376CD00886352 /* Release */,
			);
			defaultConfigurationIsVisible = 0;
			defaultConfigurationName = Release;
		};
/* End XCConfigurationList section */
	};
	rootObject = 205385B02E0376CC00886352 /* Project object */;
}
